
Microsoft Visual Studio Solution File, Format Version 12.00
# Visual Studio Version 17
VisualStudioVersion = 17.14.36616.10 d17.14
MinimumVisualStudioVersion = 10.0.40219.1
Project("{E24C65DC-7377-472B-9ABA-BC803B73C61A}") = "RinatRabinWebSite", "RinatRabinWebSite\", "{F230FED1-D2B5-99E7-48C4-57081F516358}"
	ProjectSection(WebsiteProperties) = preProject
		TargetFrameworkMoniker = ".NETFramework,Version%3Dv4.7.2"
		Debug.AspNetCompiler.VirtualPath = "/localhost_50017"
		Debug.AspNetCompiler.PhysicalPath = "RinatRabinWebSite\"
		Debug.AspNetCompiler.TargetPath = "PrecompiledWeb\localhost_50017\"
		Debug.AspNetCompiler.Updateable = "true"
		Debug.AspNetCompiler.ForceOverwrite = "true"
		Debug.AspNetCompiler.FixedNames = "false"
		Debug.AspNetCompiler.Debug = "True"
		Release.AspNetCompiler.VirtualPath = "/localhost_50017"
		Release.AspNetCompiler.PhysicalPath = "RinatRabinWebSite\"
		Release.AspNetCompiler.TargetPath = "PrecompiledWeb\localhost_50017\"
		Release.AspNetCompiler.Updateable = "true"
		Release.AspNetCompiler.ForceOverwrite = "true"
		Release.AspNetCompiler.FixedNames = "false"
		Release.AspNetCompiler.Debug = "False"
		VWDPort = "50017"
		SlnRelativePath = "RinatRabinWebSite\"
		DefaultWebSiteLanguage = "Visual C#"
	EndProjectSection
EndProject
Global
	GlobalSection(SolutionConfigurationPlatforms) = preSolution
		Debug|Any CPU = Debug|Any CPU
	EndGlobalSection
	GlobalSection(ProjectConfigurationPlatforms) = postSolution
		{F230FED1-D2B5-99E7-48C4-57081F516358}.Debug|Any CPU.ActiveCfg = Debug|Any CPU
		{F230FED1-D2B5-99E7-48C4-57081F516358}.Debug|Any CPU.Build.0 = Debug|Any CPU
	EndGlobalSection
	GlobalSection(SolutionProperties) = preSolution
		HideSolutionNode = FALSE
	EndGlobalSection
	GlobalSection(ExtensibilityGlobals) = postSolution
		SolutionGuid = {A7EA42BD-9AC5-4791-8624-BA0000D8A344}
	EndGlobalSection
EndGlobal
